
Microsoft Visual Studio Solution File, Format Version 12.00
# Visual Studio Version 16
VisualStudioVersion = 16.0.29123.88
MinimumVisualStudioVersion = 10.0.40219.1
Project("{FAE04EC0-301F-11D3-BF4B-00C04F79EFBC}") = "CatsSisha", "CatsSisha.csproj", "{5A1C810A-C041-40CD-B862-E13953AE9A0A}"
EndProject
Global
	GlobalSection(SolutionConfigurationPlatforms) = preSolution
		Debug|Any CPU = Debug|Any CPU
		Release|Any CPU = Release|Any CPU
	EndGlobalSection
	GlobalSection(ProjectConfigurationPlatforms) = postSolution
		{5A1C810A-C041-40CD-B862-E13953AE9A0A}.Debug|Any CPU.ActiveCfg = Debug|Any CPU
		{5A1C810A-C041-40CD-B862-E13953AE9A0A}.Debug|Any CPU.Build.0 = Debug|Any CPU
		{5A1C810A-C041-40CD-B862-E13953AE9A0A}.Release|Any CPU.ActiveCfg = Release|Any CPU
		{5A1C810A-C041-40CD-B862-E13953AE9A0A}.Release|Any CPU.Build.0 = Release|Any CPU
	EndGlobalSection
	GlobalSection(SolutionProperties) = preSolution
		HideSolutionNode = FALSE
	EndGlobalSection
	GlobalSection(ExtensibilityGlobals) = postSolution
		SolutionGuid = {16AD4799-FC34-4303-B675-15B89FA92884}
	EndGlobalSection
EndGlobal
